// !$*UTF8*$!
{
	archiveVersion = 1;
	classes = {
	};
	objectVersion = 46;
	objects = {

/* Begin PBXBuildFile section */
		5D9C654D1F572A5E00BB5826 /* AppDelegate.swift in Sources */ = {isa = PBXBuildFile; fileRef = 5D9C654C1F572A5E00BB5826 /* AppDelegate.swift */; };
		5D9C65521F572A5E00BB5826 /* Main.storyboard in Resources */ = {isa = PBXBuildFile; fileRef = 5D9C65501F572A5E00BB5826 /* Main.storyboard */; };
		5D9C65551F572A5E00BB5826 /* Enlisted.xcdatamodeld in Sources */ = {isa = PBXBuildFile; fileRef = 5D9C65531F572A5E00BB5826 /* Enlisted.xcdatamodeld */; };
		5D9C65571F572A5E00BB5826 /* Assets.xcassets in Resources */ = {isa = PBXBuildFile; fileRef = 5D9C65561F572A5E00BB5826 /* Assets.xcassets */; };
		5D9C655A1F572A5E00BB5826 /* LaunchScreen.storyboard in Resources */ = {isa = PBXBuildFile; fileRef = 5D9C65581F572A5E00BB5826 /* LaunchScreen.storyboard */; };
		5D9C65621F572E8E00BB5826 /* TableViewController.swift in Sources */ = {isa = PBXBuildFile; fileRef = 5D9C65611F572E8E00BB5826 /* TableViewController.swift */; };
		5D9C65641F57321400BB5826 /* LocationInfo.swift in Sources */ = {isa = PBXBuildFile; fileRef = 5D9C65631F57321400BB5826 /* LocationInfo.swift */; };
		5D9C65661F573A8900BB5826 /* TableViewCell.swift in Sources */ = {isa = PBXBuildFile; fileRef = 5D9C65651F573A8900BB5826 /* TableViewCell.swift */; };
		5D9C656A1F57520300BB5826 /* ShowsCellsDetails.swift in Sources */ = {isa = PBXBuildFile; fileRef = 5D9C65691F57520300BB5826 /* ShowsCellsDetails.swift */; };
/* End PBXBuildFile section */

/* Begin PBXFileReference section */
		5D9C65491F572A5E00BB5826 /* Enlisted.app */ = {isa = PBXFileReference; explicitFileType = wrapper.application; includeInIndex = 0; path = Enlisted.app; sourceTree = BUILT_PRODUCTS_DIR; };
		5D9C654C1F572A5E00BB5826 /* AppDelegate.swift */ = {isa = PBXFileReference; lastKnownFileType = sourcecode.swift; path = AppDelegate.swift; sourceTree = "<group>"; };
		5D9C65511F572A5E00BB5826 /* Base */ = {isa = PBXFileReference; lastKnownFileType = file.storyboard; name = Base; path = Base.lproj/Main.storyboard; sourceTree = "<group>"; };
		5D9C65541F572A5E00BB5826 /* Enlisted.xcdatamodel */ = {isa = PBXFileReference; lastKnownFileType = wrapper.xcdatamodel; path = Enlisted.xcdatamodel; sourceTree = "<group>"; };
		5D9C65561F572A5E00BB5826 /* Assets.xcassets */ = {isa = PBXFileReference; lastKnownFileType = folder.assetcatalog; path = Assets.xcassets; sourceTree = "<group>"; };
		5D9C65591F572A5E00BB5826 /* Base */ = {isa = PBXFileReference; lastKnownFileType = file.storyboard; name = Base; path = Base.lproj/LaunchScreen.storyboard; sourceTree = "<group>"; };
		5D9C655B1F572A5E00BB5826 /* Info.plist */ = {isa = PBXFileReference; lastKnownFileType = text.plist.xml; path = Info.plist; sourceTree = "<group>"; };
		5D9C65611F572E8E00BB5826 /* TableViewController.swift */ = {isa = PBXFileReference; fileEncoding = 4; lastKnownFileType = sourcecode.swift; path = TableViewController.swift; sourceTree = "<group>"; };
		5D9C65631F57321400BB5826 /* LocationInfo.swift */ = {isa = PBXFileReference; fileEncoding = 4; lastKnownFileType = sourcecode.swift; path = LocationInfo.swift; sourceTree = "<group>"; };
		5D9C65651F573A8900BB5826 /* TableViewCell.swift */ = {isa = PBXFileReference; fileEncoding = 4; lastKnownFileType = sourcecode.swift; path = TableViewCell.swift; sourceTree = "<group>"; };
		5D9C65691F57520300BB5826 /* ShowsCellsDetails.swift */ = {isa = PBXFileReference; fileEncoding = 4; lastKnownFileType = sourcecode.swift; name = ShowsCellsDetails.swift; path = ../ShowsCellsDetails.swift; sourceTree = "<group>"; };
/* End PBXFileReference section */

/* Begin PBXFrameworksBuildPhase section */
		5D9C65461F572A5E00BB5826 /* Frameworks */ = {
			isa = PBXFrameworksBuildPhase;
			buildActionMask = 2147483647;
			files = (
			);
			runOnlyForDeploymentPostprocessing = 0;
		};
/* End PBXFrameworksBuildPhase section */

/* Begin PBXGroup section */
		5D9C65401F572A5E00BB5826 = {
			isa = PBXGroup;
			children = (
				5D9C654B1F572A5E00BB5826 /* Enlisted */,
				5D9C654A1F572A5E00BB5826 /* Products */,
			);
			sourceTree = "<group>";
		};
		5D9C654A1F572A5E00BB5826 /* Products */ = {
			isa = PBXGroup;
			children = (
				5D9C65491F572A5E00BB5826 /* Enlisted.app */,
			);
			name = Products;
			sourceTree = "<group>";
		};
		5D9C654B1F572A5E00BB5826 /* Enlisted */ = {
			isa = PBXGroup;
			children = (
				5D9C654C1F572A5E00BB5826 /* AppDelegate.swift */,
				5D9C65611F572E8E00BB5826 /* TableViewController.swift */,
				5D9C65651F573A8900BB5826 /* TableViewCell.swift */,
				5D9C65691F57520300BB5826 /* ShowsCellsDetails.swift */,
				5D9C65631F57321400BB5826 /* LocationInfo.swift */,
				5D9C65501F572A5E00BB5826 /* Main.storyboard */,
				5D9C65561F572A5E00BB5826 /* Assets.xcassets */,
				5D9C65581F572A5E00BB5826 /* LaunchScreen.storyboard */,
				5D9C655B1F572A5E00BB5826 /* Info.plist */,
				5D9C65531F572A5E00BB5826 /* Enlisted.xcdatamodeld */,
			);
			path = Enlisted;
			sourceTree = "<group>";
		};
/* End PBXGroup section */

/* Begin PBXNativeTarget section */
		5D9C65481F572A5E00BB5826 /* Enlisted */ = {
			isa = PBXNativeTarget;
			buildConfigurationList = 5D9C655E1F572A5E00BB5826 /* Build configuration list for PBXNativeTarget "Enlisted" */;
			buildPhases = (
				5D9C65451F572A5E00BB5826 /* Sources */,
				5D9C65461F572A5E00BB5826 /* Frameworks */,
				5D9C65471F572A5E00BB5826 /* Resources */,
			);
			buildRules = (
			);
			dependencies = (
			);
			name = Enlisted;
			productName = Enlisted;
			productReference = 5D9C65491F572A5E00BB5826 /* Enlisted.app */;
			productType = "com.apple.product-type.application";
		};
/* End PBXNativeTarget section */

/* Begin PBXProject section */
		5D9C65411F572A5E00BB5826 /* Project object */ = {
			isa = PBXProject;
			attributes = {
				LastSwiftUpdateCheck = 0830;
				LastUpgradeCheck = 0830;
				ORGANIZATIONNAME = Monika;
				TargetAttributes = {
					5D9C65481F572A5E00BB5826 = {
						CreatedOnToolsVersion = 8.3.3;
						ProvisioningStyle = Automatic;
					};
				};
			};
			buildConfigurationList = 5D9C65441F572A5E00BB5826 /* Build configuration list for PBXProject "Enlisted" */;
			compatibilityVersion = "Xcode 3.2";
			developmentRegion = English;
			hasScannedForEncodings = 0;
			knownRegions = (
				en,
				Base,
			);
			mainGroup = 5D9C65401F572A5E00BB5826;
			productRefGroup = 5D9C654A1F572A5E00BB5826 /* Products */;
			projectDirPath = "";
			projectRoot = "";
			targets = (
				5D9C65481F572A5E00BB5826 /* Enlisted */,
			);
		};
/* End PBXProject section */

/* Begin PBXResourcesBuildPhase section */
		5D9C65471F572A5E00BB5826 /* Resources */ = {
			isa = PBXResourcesBuildPhase;
			buildActionMask = 2147483647;
			files = (
				5D9C655A1F572A5E00BB5826 /* LaunchScreen.storyboard in Resources */,
				5D9C65571F572A5E00BB5826 /* Assets.xcassets in Resources */,
				5D9C65521F572A5E00BB5826 /* Main.storyboard in Resources */,
			);
			runOnlyForDeploymentPostprocessing = 0;
		};
/* End PBXResourcesBuildPhase section */

/* Begin PBXSourcesBuildPhase section */
		5D9C65451F572A5E00BB5826 /* Sources */ = {
			isa = PBXSourcesBuildPhase;
			buildActionMask = 2147483647;
			files = (
				5D9C65661F573A8900BB5826 /* TableViewCell.swift in Sources */,
				5D9C656A1F57520300BB5826 /* ShowsCellsDetails.swift in Sources */,
				5D9C65551F572A5E00BB5826 /* Enlisted.xcdatamodeld in Sources */,
				5D9C65621F572E8E00BB5826 /* TableViewController.swift in Sources */,
				5D9C65641F57321400BB5826 /* LocationInfo.swift in Sources */,
				5D9C654D1F572A5E00BB5826 /* AppDelegate.swift in Sources */,
			);
			runOnlyForDeploymentPostprocessing = 0;
		};
/* End PBXSourcesBuildPhase section */

/* Begin PBXVariantGroup section */
		5D9C65501F572A5E00BB5826 /* Main.storyboard */ = {
			isa = PBXVariantGroup;
			children = (
				5D9C65511F572A5E00BB5826 /* Base */,
			);
			name = Main.storyboard;
			sourceTree = "<group>";
		};
		5D9C65581F572A5E00BB5826 /* LaunchScreen.storyboard */ = {
			isa = PBXVariantGroup;
			children = (
				5D9C65591F572A5E00BB5826 /* Base */,
			);
			name = LaunchScreen.storyboard;
			sourceTree = "<group>";
		};
/* End PBXVariantGroup section */

/* Begin XCBuildConfiguration section */
		5D9C655C1F572A5E00BB5826 /* Debug */ = {
			isa = XCBuildConfiguration;
			buildSettings = {
				ALWAYS_SEARCH_USER_PATHS = NO;
				CLANG_ANALYZER_NONNULL = YES;
				CLANG_ANALYZER_NUMBER_OBJECT_CONVERSION = YES_AGGRESSIVE;
				CLANG_CXX_LANGUAGE_STANDARD = "gnu++0x";
				CLANG_CXX_LIBRARY = "libc++";
				CLANG_ENABLE_MODULES = YES;
				CLANG_ENABLE_OBJC_ARC = YES;
				CLANG_WARN_BOOL_CONVERSION = YES;
				CLANG_WARN_CONSTANT_CONVERSION = YES;
				CLANG_WARN_DIRECT_OBJC_ISA_USAGE = YES_ERROR;
				CLANG_WARN_DOCUMENTATION_COMMENTS = YES;
				CLANG_WARN_EMPTY_BODY = YES;
				CLANG_WARN_ENUM_CONVERSION = YES;
				CLANG_WARN_INFINITE_RECURSION = YES;
				CLANG_WARN_INT_CONVERSION = YES;
				CLANG_WARN_OBJC_ROOT_CLASS = YES_ERROR;
				CLANG_WARN_SUSPICIOUS_MOVE = YES;
				CLANG_WARN_UNREACHABLE_CODE = YES;
				CLANG_WARN__DUPLICATE_METHOD_MATCH = YES;
				"CODE_SIGN_IDENTITY[sdk=iphoneos*]" = "iPhone Developer";
				COPY_PHASE_STRIP = NO;
				DEBUG_INFORMATION_FORMAT = dwarf;
				ENABLE_STRICT_OBJC_MSGSEND = YES;
				ENABLE_TESTABILITY = YES;
				GCC_C_LANGUAGE_STANDARD = gnu99;
				GCC_DYNAMIC_NO_PIC = NO;
				GCC_NO_COMMON_BLOCKS = YES;
				GCC_OPTIMIZATION_LEVEL = 0;
				GCC_PREPROCESSOR_DEFINITIONS = (
					"DEBUG=1",
					"$(inherited)",
				);
				GCC_WARN_64_TO_32_BIT_CONVERSION = YES;
				GCC_WARN_ABOUT_RETURN_TYPE = YES_ERROR;
				GCC_WARN_UNDECLARED_SELECTOR = YES;
				GCC_WARN_UNINITIALIZED_AUTOS = YES_AGGRESSIVE;
				GCC_WARN_UNUSED_FUNCTION = YES;
				GCC_WARN_UNUSED_VARIABLE = YES;
				IPHONEOS_DEPLOYMENT_TARGET = 10.3;
				MTL_ENABLE_DEBUG_INFO = YES;
				ONLY_ACTIVE_ARCH = YES;
				SDKROOT = iphoneos;
				SWIFT_ACTIVE_COMPILATION_CONDITIONS = DEBUG;
				SWIFT_OPTIMIZATION_LEVEL = "-Onone";
				TARGETED_DEVICE_FAMILY = "1,2";
			};
			name = Debug;
		};
		5D9C655D1F572A5E00BB5826 /* Release */ = {
			isa = XCBuildConfiguration;
			buildSettings = {
				ALWAYS_SEARCH_USER_PATHS = NO;
				CLANG_ANALYZER_NONNULL = YES;
				CLANG_ANALYZER_NUMBER_OBJECT_CONVERSION = YES_AGGRESSIVE;
				CLANG_CXX_LANGUAGE_STANDARD = "gnu++0x";
				CLANG_CXX_LIBRARY = "libc++";
				CLANG_ENABLE_MODULES = YES;
				CLANG_ENABLE_OBJC_ARC = YES;
				CLANG_WARN_BOOL_CONVERSION = YES;
				CLANG_WARN_CONSTANT_CONVERSION = YES;
				CLANG_WARN_DIRECT_OBJC_ISA_USAGE = YES_ERROR;
				CLANG_WARN_DOCUMENTATION_COMMENTS = YES;
				CLANG_WARN_EMPTY_BODY = YES;
				CLANG_WARN_ENUM_CONVERSION = YES;
				CLANG_WARN_INFINITE_RECURSION = YES;
				CLANG_WARN_INT_CONVERSION = YES;
				CLANG_WARN_OBJC_ROOT_CLASS = YES_ERROR;
				CLANG_WARN_SUSPICIOUS_MOVE = YES;
				CLANG_WARN_UNREACHABLE_CODE = YES;
				CLANG_WARN__DUPLICATE_METHOD_MATCH = YES;
				"CODE_SIGN_IDENTITY[sdk=iphoneos*]" = "iPhone Developer";
				COPY_PHASE_STRIP = NO;
				DEBUG_INFORMATION_FORMAT = "dwarf-with-dsym";
				ENABLE_NS_ASSERTIONS = NO;
				ENABLE_STRICT_OBJC_MSGSEND = YES;
				GCC_C_LANGUAGE_STANDARD = gnu99;
				GCC_NO_COMMON_BLOCKS = YES;
				GCC_WARN_64_TO_32_BIT_CONVERSION = YES;
				GCC_WARN_ABOUT_RETURN_TYPE = YES_ERROR;
				GCC_WARN_UNDECLARED_SELECTOR = YES;
				GCC_WARN_UNINITIALIZED_AUTOS = YES_AGGRESSIVE;
				GCC_WARN_UNUSED_FUNCTION = YES;
				GCC_WARN_UNUSED_VARIABLE = YES;
				IPHONEOS_DEPLOYMENT_TARGET = 10.3;
				MTL_ENABLE_DEBUG_INFO = NO;
				SDKROOT = iphoneos;
				SWIFT_OPTIMIZATION_LEVEL = "-Owholemodule";
				TARGETED_DEVICE_FAMILY = "1,2";
				VALIDATE_PRODUCT = YES;
			};
			name = Release;
		};
		5D9C655F1F572A5E00BB5826 /* Debug */ = {
			isa = XCBuildConfiguration;
			buildSettings = {
				ASSETCATALOG_COMPILER_APPICON_NAME = AppIcon;
				INFOPLIST_FILE = Enlisted/Info.plist;
				LD_RUNPATH_SEARCH_PATHS = "$(inherited) @executable_path/Frameworks";
				PRODUCT_BUNDLE_IDENTIFIER = ApressIOS.Enlisted;
				PRODUCT_NAME = "$(TARGET_NAME)";
				SWIFT_VERSION = 3.0;
			};
			name = Debug;
		};
		5D9C65601F572A5E00BB5826 /* Release */ = {
			isa = XCBuildConfiguration;
			buildSettings = {
				ASSETCATALOG_COMPILER_APPICON_NAME = AppIcon;
				INFOPLIST_FILE = Enlisted/Info.plist;
				LD_RUNPATH_SEARCH_PATHS = "$(inherited) @executable_path/Frameworks";
				PRODUCT_BUNDLE_IDENTIFIER = ApressIOS.Enlisted;
				PRODUCT_NAME = "$(TARGET_NAME)";
				SWIFT_VERSION = 3.0;
			};
			name = Release;
		};
/* End XCBuildConfiguration section */

/* Begin XCConfigurationList section */
		5D9C65441F572A5E00BB5826 /* Build configuration list for PBXProject "Enlisted" */ = {
			isa = XCConfigurationList;
			buildConfigurations = (
				5D9C655C1F572A5E00BB5826 /* Debug */,
				5D9C655D1F572A5E00BB5826 /* Release */,
			);
			defaultConfigurationIsVisible = 0;
			defaultConfigurationName = Release;
		};
		5D9C655E1F572A5E00BB5826 /* Build configuration list for PBXNativeTarget "Enlisted" */ = {
			isa = XCConfigurationList;
			buildConfigurations = (
				5D9C655F1F572A5E00BB5826 /* Debug */,
				5D9C65601F572A5E00BB5826 /* Release */,
			);
			defaultConfigurationIsVisible = 0;
		};
/* End XCConfigurationList section */

/* Begin XCVersionGroup section */
		5D9C65531F572A5E00BB5826 /* Enlisted.xcdatamodeld */ = {
			isa = XCVersionGroup;
			children = (
				5D9C65541F572A5E00BB5826 /* Enlisted.xcdatamodel */,
			);
			currentVersion = 5D9C65541F572A5E00BB5826 /* Enlisted.xcdatamodel */;
			path = Enlisted.xcdatamodeld;
			sourceTree = "<group>";
			versionGroupType = wrapper.xcdatamodel;
		};
/* End XCVersionGroup section */
	};
	rootObject = 5D9C65411F572A5E00BB5826 /* Project object */;
}
